
Microsoft Visual Studio Solution File, Format Version 12.00
# Visual Studio 14
VisualStudioVersion = 14.0.25123.0
MinimumVisualStudioVersion = 10.0.40219.1
Project("{FAE04EC0-301F-11D3-BF4B-00C04F79EFBC}") = "Modelo", "Modelo\Modelo.csproj", "{4B866426-FC19-4B39-B98F-DC7CB036079E}"
EndProject
Project("{FAE04EC0-301F-11D3-BF4B-00C04F79EFBC}") = "Controlador", "Controlador\Controlador.csproj", "{D651F144-820B-44D2-BEF1-63C2A75D7A2C}"
EndProject
Project("{FAE04EC0-301F-11D3-BF4B-00C04F79EFBC}") = "Vista", "Vista\Vista.csproj", "{771BE3CE-650B-4269-9F7A-2EC823EDB95A}"
EndProject
Global
	GlobalSection(SolutionConfigurationPlatforms) = preSolution
		Debug|Any CPU = Debug|Any CPU
		Release|Any CPU = Release|Any CPU
	EndGlobalSection
	GlobalSection(ProjectConfigurationPlatforms) = postSolution
		{4B866426-FC19-4B39-B98F-DC7CB036079E}.Debug|Any CPU.ActiveCfg = Debug|Any CPU
		{4B866426-FC19-4B39-B98F-DC7CB036079E}.Debug|Any CPU.Build.0 = Debug|Any CPU
		{4B866426-FC19-4B39-B98F-DC7CB036079E}.Release|Any CPU.ActiveCfg = Release|Any CPU
		{4B866426-FC19-4B39-B98F-DC7CB036079E}.Release|Any CPU.Build.0 = Release|Any CPU
		{D651F144-820B-44D2-BEF1-63C2A75D7A2C}.Debug|Any CPU.ActiveCfg = Debug|Any CPU
		{D651F144-820B-44D2-BEF1-63C2A75D7A2C}.Debug|Any CPU.Build.0 = Debug|Any CPU
		{D651F144-820B-44D2-BEF1-63C2A75D7A2C}.Release|Any CPU.ActiveCfg = Release|Any CPU
		{D651F144-820B-44D2-BEF1-63C2A75D7A2C}.Release|Any CPU.Build.0 = Release|Any CPU
		{771BE3CE-650B-4269-9F7A-2EC823EDB95A}.Debug|Any CPU.ActiveCfg = Debug|Any CPU
		{771BE3CE-650B-4269-9F7A-2EC823EDB95A}.Debug|Any CPU.Build.0 = Debug|Any CPU
		{771BE3CE-650B-4269-9F7A-2EC823EDB95A}.Release|Any CPU.ActiveCfg = Release|Any CPU
		{771BE3CE-650B-4269-9F7A-2EC823EDB95A}.Release|Any CPU.Build.0 = Release|Any CPU
	EndGlobalSection
	GlobalSection(SolutionProperties) = preSolution
		HideSolutionNode = FALSE
	EndGlobalSection
EndGlobal
